{
    "_meta": {
        "hash": {
            "sha256": "746ef5acff120b87bdb2446b020743c72978026a3d518380feb1d61f03f1cfa9"
        },
        "pipfile-spec": 6,
        "requires": {
            "python_version": "3.12"
        },
        "sources": [
            {
                "name": "pypi",
                "url": "https://pypi.org/simple",
                "verify_ssl": true
            }
        ]
    },
    "default": {},
    "develop": {}
}
